SITE
  remote: http://community.opscode.com/api/v1
  specs:
    build-essential (1.3.4)

GIT
  remote: https://github.com/slizadel/chef-mongodb.git
  ref: master
  sha: a940a5d779fb48f455bfed793b1aa2ed6f89a758
  specs:
    mongodb (0.0.1)

GIT
  remote: https://github.rackspace.com/Cookbooks/apt
  ref: master
  sha: 0a51ba6452bae645abd80d79e6f70d542c69dee1
  specs:
    apt (1.4.9)

DEPENDENCIES
  apt (>= 0)
  mongodb (>= 0)
  build-essential (>= 0)

